{
  "version": "1.0",
  "schema": "cherrypicks-manifest-v1",
  "synced_at": "2026-04-17T00:00:00Z",
  "sources": {
    "ecc": {
      "url": "https://github.com/affaan-m/everything-claude-code",
      "local_path": ".dev-references/ecc",
      "commit": "754b8dd",
      "note": "원본 ECC. cherry-pick 출처."
    },
    "agent-skills": {
      "url": "https://github.com/addyosmani/agent-skills",
      "local_path": ".dev-references/agent-skills",
      "commit": "bf2fa6994407",
      "note": "플러그인으로 설치, cherry-pick 없음. 참조용."
    },
    "vercel-labs-skills": {
      "url": "https://github.com/vercel-labs/skills",
      "local_path": null,
      "commit": null,
      "note": "find-skills를 npx skills add로 설치. cherry-pick 없음."
    },
    "vercel-labs-agent-browser": {
      "url": "https://github.com/vercel-labs/agent-browser",
      "local_path": null,
      "commit": null,
      "note": "agent-browser를 npm -g로 설치. cherry-pick 없음."
    },
    "gsd": {
      "url": "https://github.com/gsd-build/get-shit-done",
      "local_path": ".dev-references/gsd",
      "commit": "unknown",
      "note": "GSD(Get Shit Done). 사상만 흡수(PRD D6)였으나 Phase 5 P1-6에서 planner-antipatterns 부분 cherry-pick. 실제 clone origin은 get-shit-done.git (이전 기록의 gsd-2는 오기)."
    },
    "alirezarezvani-claude-skills": {
      "url": "https://github.com/alirezarezvani/claude-skills",
      "local_path": null,
      "commit": "f567c61def3fb86046d7242b4bf27fceb63ad8b4",
      "note": "v0.6.0 — karpathy-coder hook script cherry-pick 출처. plugin marketplace로 설치되나 hook script만 자체 호스팅 (PreToolUse 매처 호환 위해 adapt)."
    }
  },
  "cherrypicks": [
    {
      "id": "ecc-code-reviewer",
      "source": "ecc",
      "src": "agents/code-reviewer.md",
      "dst": "templates/agents/code-reviewer.md",
      "type": "file",
      "modified": false,
      "modification_note": null
    },
    {
      "id": "ecc-security-reviewer",
      "source": "ecc",
      "src": "agents/security-reviewer.md",
      "dst": "templates/agents/security-reviewer.md",
      "type": "file",
      "modified": false,
      "modification_note": null
    },
    {
      "id": "ecc-cl-v2",
      "source": "ecc",
      "src": "skills/continuous-learning-v2/",
      "dst": "templates/skills/continuous-learning-v2/",
      "type": "directory",
      "modified": false,
      "modification_note": null
    },
    {
      "id": "ecc-strategic-compact",
      "source": "ecc",
      "src": "skills/strategic-compact/",
      "dst": "templates/skills/strategic-compact/",
      "type": "directory",
      "modified": true,
      "modification_note": "우리 배포는 suggest-compact.sh(bash)를 유지 — upstream 은 812d4d0 에서 스크립트를 삭제하고 SKILL.md 만 남겼다. SKILL.md 도 설치기 자동배선 안내로 재작성(v26.121.0). sync --apply 가 훅 스크립트를 지우지 않도록 modified 유지 필수."
    },
    {
      "id": "ecc-deep-research",
      "source": "ecc",
      "src": ".agents/skills/deep-research/",
      "dst": "templates/skills/deep-research/",
      "type": "directory",
      "modified": true,
      "modification_note": "v26.114.0 (ADR-042): 리서치 원장(N confirmed·M killed + 기각 사유 표 + caveat 블록) 주입 → modified=true (sync --apply 의 rsync --delete 로부터 보호, manifest C3 와 짝)"
    },
    {
      "id": "ecc-market-research",
      "source": "ecc",
      "src": ".agents/skills/market-research/",
      "dst": "templates/skills/market-research/",
      "type": "directory",
      "modified": false,
      "modification_note": "Phase 4b A4에서 신규 추가. executive Track 한정."
    },
    {
      "id": "ecc-eval-harness",
      "source": "ecc",
      "src": ".agents/skills/eval-harness/",
      "dst": "templates/skills/eval-harness/",
      "type": "directory",
      "modified": true,
      "modification_note": "v26.114.0 (ADR-042): eval spec 아티팩트 계약(C1..Cn/R1..Rn ID·Baseline commit·Test Command·Status after implementation) 주입 → modified=true (sync --apply 보호, manifest C3 와 짝)"
    },
    {
      "id": "ecc-e2e-testing",
      "source": "ecc",
      "src": ".agents/skills/e2e-testing/",
      "dst": "templates/skills/e2e-testing/",
      "type": "directory",
      "modified": false,
      "modification_note": "Playwright POM 패턴, flaky test 처리, 아티팩트 캡처. UI Track 한정"
    },
    {
      "id": "ecc-agent-introspection-debugging",
      "source": "ecc",
      "src": ".agents/skills/agent-introspection-debugging/",
      "dst": "templates/skills/agent-introspection-debugging/",
      "type": "directory",
      "modified": false,
      "modification_note": "looping/hanging 워크플로우 복구. Failure → Diagnosis → Recovery → Report 4단계"
    },
    {
      "id": "ecc-cmd-e2e",
      "source": "ecc",
      "src": ".opencode/commands/e2e.md",
      "dst": "templates/commands/ecc/e2e.md",
      "type": "file",
      "modified": false,
      "modification_note": "/ecc:e2e — Playwright E2E 테스트 생성/실행"
    },
    {
      "id": "ecc-cmd-eval",
      "source": "ecc",
      "src": ".opencode/commands/eval.md",
      "dst": "templates/commands/ecc/eval.md",
      "type": "file",
      "modified": false,
      "modification_note": "/ecc:eval — acceptance criteria 기반 평가 실행"
    },
    {
      "id": "ecc-cmd-harness-audit",
      "source": "ecc",
      "src": ".opencode/commands/harness-audit.md",
      "dst": "templates/commands/ecc/harness-audit.md",
      "type": "file",
      "modified": false,
      "modification_note": "/ecc:harness-audit — 7카테고리 deterministic 점수 (P10 분기 검토용)"
    },
    {
      "id": "ecc-silent-failure-hunter",
      "source": "ecc",
      "src": "agents/silent-failure-hunter.md",
      "dst": "templates/agents/silent-failure-hunter.md",
      "type": "file",
      "modified": false,
      "modification_note": "P1-5 from harness-engineering-audit-2026-04 (A16). zero tolerance for silent failures 에이전트. dev Track 한정 설치"
    },
    {
      "id": "ecc-build-error-resolver",
      "source": "ecc",
      "src": "agents/build-error-resolver.md",
      "dst": "templates/agents/build-error-resolver.md",
      "type": "file",
      "modified": false,
      "modification_note": "Phase 5.1 A14 from harness-engineering-audit-2026-04 (D30). TypeScript/webpack/build 에러 최소 diff 복구 에이전트. dev Track 한정"
    },
    {
      "id": "ecc-python-patterns",
      "source": "ecc",
      "src": "skills/python-patterns/",
      "dst": "templates/skills/python-patterns/",
      "type": "directory",
      "modified": false,
      "sync_verified_at": "2026-04-17",
      "modification_note": "v26.10.0 — data + csr-fastapi Track용 Python idiom/best practices"
    },
    {
      "id": "ecc-python-testing",
      "source": "ecc",
      "src": "skills/python-testing/",
      "dst": "templates/skills/python-testing/",
      "type": "directory",
      "modified": false,
      "sync_verified_at": "2026-04-17",
      "modification_note": "v26.10.0 — data + csr-fastapi Track용 pytest + coverage 워크플로우"
    },
    {
      "id": "ecc-nextjs-turbopack",
      "source": "ecc",
      "src": "skills/nextjs-turbopack/",
      "dst": "templates/skills/nextjs-turbopack/",
      "type": "directory",
      "modified": false,
      "sync_verified_at": "2026-04-17",
      "modification_note": "v26.10.0 — ssr-nextjs Track용 Next 16+ Turbopack 번들링"
    },
    {
      "id": "ecc-investor-materials",
      "source": "ecc",
      "src": "skills/investor-materials/",
      "dst": "templates/skills/investor-materials/",
      "type": "directory",
      "modified": false,
      "sync_verified_at": "2026-04-17",
      "modification_note": "v26.10.0 — executive Track용 피치덱/메모/재무모델"
    },
    {
      "id": "ecc-investor-outreach",
      "source": "ecc",
      "src": "skills/investor-outreach/",
      "dst": "templates/skills/investor-outreach/",
      "type": "directory",
      "modified": false,
      "sync_verified_at": "2026-04-17",
      "modification_note": "v26.10.0 — executive Track용 펀드레이징 follow-up"
    }
  ],
  "removals": [
    {
      "id": "ecc-testing-rule",
      "src": "rules/common/testing.md",
      "reason": "test-policy.md가 Track별 차등 커버리지로 더 완전. 중복 제거."
    },
    {
      "id": "ecc-checkpoint-cmd",
      "src": ".opencode/commands/checkpoint.md",
      "dst": "templates/commands/ecc/checkpoint.md",
      "type": "file",
      "modified": true,
      "modification_note": "ECC 원본 참조하여 자체 작성. 형식 단순화."
    }
  ],
  "verification": {
    "rule": "각 cherrypick의 dst 파일이 존재하고, modified=false인 경우 sync-cherrypicks.sh가 ECC 원본과 hash 비교 가능해야 함"
  }
}