{
  "version": "1.0",
  "schema": "cherrypicks-manifest-v1",
  "synced_at": "2026-04-17T00:00:00Z",
  "sources": {
    "agent-skills": {
      "url": "https://github.com/addyosmani/agent-skills",
      "local_path": ".dev-references/agent-skills",
      "commit": "bf2fa6994407",
      "note": "플러그인으로 설치, cherry-pick 없음. 참조용."
    },
    "vercel-labs-skills": {
      "url": "https://github.com/vercel-labs/skills",
      "local_path": null,
      "commit": null,
      "note": "find-skills를 npx skills add로 설치. cherry-pick 없음."
    },
    "vercel-labs-agent-browser": {
      "url": "https://github.com/vercel-labs/agent-browser",
      "local_path": null,
      "commit": null,
      "note": "agent-browser를 npm -g로 설치. cherry-pick 없음."
    },
    "gsd": {
      "url": "https://github.com/gsd-build/get-shit-done",
      "local_path": ".dev-references/gsd",
      "commit": "unknown",
      "note": "GSD(Get Shit Done). 사상만 흡수(PRD D6)였으나 Phase 5 P1-6에서 planner-antipatterns 부분 cherry-pick. 실제 clone origin은 get-shit-done.git (이전 기록의 gsd-2는 오기)."
    },
    "alirezarezvani-claude-skills": {
      "url": "https://github.com/alirezarezvani/claude-skills",
      "local_path": null,
      "commit": "f567c61def3fb86046d7242b4bf27fceb63ad8b4",
      "note": "v0.6.0 — karpathy-coder hook script cherry-pick 출처. plugin marketplace로 설치되나 hook script만 자체 호스팅 (PreToolUse 매처 호환 위해 adapt)."
    }
  },
  "cherrypicks": [],
  "removals": [],
  "verification": {
    "rule": "각 cherrypick의 dst 파일이 존재하고, modified=false인 경우 sync-cherrypicks.sh가 ECC 원본과 hash 비교 가능해야 함"
  }
}
